// !$*UTF8*$!
{
	archiveVersion = 1;
	classes = {
	};
	objectVersion = 50;
	objects = {

/* Begin PBXBuildFile section */
		45F6E10930A7DE776915F79B /* Pods_DashCash.framework in Frameworks */ = {isa = PBXBuildFile; fileRef = 4A81036ECB8AE69F5F1730B6 /* Pods_DashCash.framework */; };
		5A4241C5220EA28F00387E83 /* AppDelegate.swift in Sources */ = {isa = PBXBuildFile; fileRef = 5A4241C4220EA28F00387E83 /* AppDelegate.swift */; };
		5A4241CA220EA28F00387E83 /* Main.storyboard in Resources */ = {isa = PBXBuildFile; fileRef = 5A4241C8220EA28F00387E83 /* Main.storyboard */; };
		5A4241CC220EA29200387E83 /* Assets.xcassets in Resources */ = {isa = PBXBuildFile; fileRef = 5A4241CB220EA29200387E83 /* Assets.xcassets */; };
		5A4241CF220EA29200387E83 /* LaunchScreen.storyboard in Resources */ = {isa = PBXBuildFile; fileRef = 5A4241CD220EA29200387E83 /* LaunchScreen.storyboard */; };
		5A4241DA220EA29200387E83 /* DashCashTests.swift in Sources */ = {isa = PBXBuildFile; fileRef = 5A4241D9220EA29200387E83 /* DashCashTests.swift */; };
		5A4241E5220EA29200387E83 /* DashCashUITests.swift in Sources */ = {isa = PBXBuildFile; fileRef = 5A4241E4220EA29200387E83 /* DashCashUITests.swift */; };
		5A4241F5220EA66300387E83 /* Colors.swift in Sources */ = {isa = PBXBuildFile; fileRef = 5A4241F4220EA66300387E83 /* Colors.swift */; };
		5A4241F9220EA70100387E83 /* LoginVC.swift in Sources */ = {isa = PBXBuildFile; fileRef = 5A4241F8220EA70100387E83 /* LoginVC.swift */; };
		5A4241FB220EAF0900387E83 /* UserData.swift in Sources */ = {isa = PBXBuildFile; fileRef = 5A4241FA220EAF0900387E83 /* UserData.swift */; };
		5A4241FD220EC5B400387E83 /* HomeVC.swift in Sources */ = {isa = PBXBuildFile; fileRef = 5A4241FC220EC5B400387E83 /* HomeVC.swift */; };
		5A4241FF220EDA6900387E83 /* GroupData.swift in Sources */ = {isa = PBXBuildFile; fileRef = 5A4241FE220EDA6900387E83 /* GroupData.swift */; };
		EC01BEE714C2B78D753DF96B /* Pods_DashCashTests.framework in Frameworks */ = {isa = PBXBuildFile; fileRef = B054F5223DF0504C30BFFF9E /* Pods_DashCashTests.framework */; };
		EC96F5315EF3EDC9B047F542 /* Pods_DashCashUITests.framework in Frameworks */ = {isa = PBXBuildFile; fileRef = F13342185106306DC5223901 /* Pods_DashCashUITests.framework */; };
/* End PBXBuildFile section */

/* Begin PBXContainerItemProxy section */
		5A4241D6220EA29200387E83 /* PBXContainerItemProxy */ = {
			isa = PBXContainerItemProxy;
			containerPortal = 5A4241B9220EA28F00387E83 /* Project object */;
			proxyType = 1;
			remoteGlobalIDString = 5A4241C0220EA28F00387E83;
			remoteInfo = DashCash;
		};
		5A4241E1220EA29200387E83 /* PBXContainerItemProxy */ = {
			isa = PBXContainerItemProxy;
			containerPortal = 5A4241B9220EA28F00387E83 /* Project object */;
			proxyType = 1;
			remoteGlobalIDString = 5A4241C0220EA28F00387E83;
			remoteInfo = DashCash;
		};
/* End PBXContainerItemProxy section */

/* Begin PBXFileReference section */
		2F085079D91BCE499E3A4DFB /* Pods-DashCashUITests.release.xcconfig */ = {isa = PBXFileReference; includeInIndex = 1; lastKnownFileType = text.xcconfig; name = "Pods-DashCashUITests.release.xcconfig"; path = "Pods/Target Support Files/Pods-DashCashUITests/Pods-DashCashUITests.release.xcconfig"; sourceTree = "<group>"; };
		3FE22B33D4E3A602101C5473 /* Pods-DashCashUITests.debug.xcconfig */ = {isa = PBXFileReference; includeInIndex = 1; lastKnownFileType = text.xcconfig; name = "Pods-DashCashUITests.debug.xcconfig"; path = "Pods/Target Support Files/Pods-DashCashUITests/Pods-DashCashUITests.debug.xcconfig"; sourceTree = "<group>"; };
		4A81036ECB8AE69F5F1730B6 /* Pods_DashCash.framework */ = {isa = PBXFileReference; explicitFileType = wrapper.framework; includeInIndex = 0; path = Pods_DashCash.framework; sourceTree = BUILT_PRODUCTS_DIR; };
		5A4241C1220EA28F00387E83 /* DashCash.app */ = {isa = PBXFileReference; explicitFileType = wrapper.application; includeInIndex = 0; path = DashCash.app; sourceTree = BUILT_PRODUCTS_DIR; };
		5A4241C4220EA28F00387E83 /* AppDelegate.swift */ = {isa = PBXFileReference; lastKnownFileType = sourcecode.swift; path = AppDelegate.swift; sourceTree = "<group>"; };
		5A4241C9220EA28F00387E83 /* Base */ = {isa = PBXFileReference; lastKnownFileType = file.storyboard; name = Base; path = Base.lproj/Main.storyboard; sourceTree = "<group>"; };
		5A4241CB220EA29200387E83 /* Assets.xcassets */ = {isa = PBXFileReference; lastKnownFileType = folder.assetcatalog; path = Assets.xcassets; sourceTree = "<group>"; };
		5A4241CE220EA29200387E83 /* Base */ = {isa = PBXFileReference; lastKnownFileType = file.storyboard; name = Base; path = Base.lproj/LaunchScreen.storyboard; sourceTree = "<group>"; };
		5A4241D0220EA29200387E83 /* Info.plist */ = {isa = PBXFileReference; lastKnownFileType = text.plist.xml; path = Info.plist; sourceTree = "<group>"; };
		5A4241D5220EA29200387E83 /* DashCashTests.xctest */ = {isa = PBXFileReference; explicitFileType = wrapper.cfbundle; includeInIndex = 0; path = DashCashTests.xctest; sourceTree = BUILT_PRODUCTS_DIR; };
		5A4241D9220EA29200387E83 /* DashCashTests.swift */ = {isa = PBXFileReference; lastKnownFileType = sourcecode.swift; path = DashCashTests.swift; sourceTree = "<group>"; };
		5A4241DB220EA29200387E83 /* Info.plist */ = {isa = PBXFileReference; lastKnownFileType = text.plist.xml; path = Info.plist; sourceTree = "<group>"; };
		5A4241E0220EA29200387E83 /* DashCashUITests.xctest */ = {isa = PBXFileReference; explicitFileType = wrapper.cfbundle; includeInIndex = 0; path = DashCashUITests.xctest; sourceTree = BUILT_PRODUCTS_DIR; };
		5A4241E4220EA29200387E83 /* DashCashUITests.swift */ = {isa = PBXFileReference; lastKnownFileType = sourcecode.swift; path = DashCashUITests.swift; sourceTree = "<group>"; };
		5A4241E6220EA29200387E83 /* Info.plist */ = {isa = PBXFileReference; lastKnownFileType = text.plist.xml; path = Info.plist; sourceTree = "<group>"; };
		5A4241F4220EA66300387E83 /* Colors.swift */ = {isa = PBXFileReference; lastKnownFileType = sourcecode.swift; path = Colors.swift; sourceTree = "<group>"; };
		5A4241F8220EA70100387E83 /* LoginVC.swift */ = {isa = PBXFileReference; lastKnownFileType = sourcecode.swift; path = LoginVC.swift; sourceTree = "<group>"; };
		5A4241FA220EAF0900387E83 /* UserData.swift */ = {isa = PBXFileReference; lastKnownFileType = sourcecode.swift; path = UserData.swift; sourceTree = "<group>"; };
		5A4241FC220EC5B400387E83 /* HomeVC.swift */ = {isa = PBXFileReference; lastKnownFileType = sourcecode.swift; path = HomeVC.swift; sourceTree = "<group>"; };
		5A4241FE220EDA6900387E83 /* GroupData.swift */ = {isa = PBXFileReference; lastKnownFileType = sourcecode.swift; path = GroupData.swift; sourceTree = "<group>"; };
		613CFB2736CAAE506EB4BDF3 /* Pods-DashCash.debug.xcconfig */ = {isa = PBXFileReference; includeInIndex = 1; lastKnownFileType = text.xcconfig; name = "Pods-DashCash.debug.xcconfig"; path = "Pods/Target Support Files/Pods-DashCash/Pods-DashCash.debug.xcconfig"; sourceTree = "<group>"; };
		B054F5223DF0504C30BFFF9E /* Pods_DashCashTests.framework */ = {isa = PBXFileReference; explicitFileType = wrapper.framework; includeInIndex = 0; path = Pods_DashCashTests.framework; sourceTree = BUILT_PRODUCTS_DIR; };
		BA6DAD97920F9B46B066B901 /* Pods-DashCash.release.xcconfig */ = {isa = PBXFileReference; includeInIndex = 1; lastKnownFileType = text.xcconfig; name = "Pods-DashCash.release.xcconfig"; path = "Pods/Target Support Files/Pods-DashCash/Pods-DashCash.release.xcconfig"; sourceTree = "<group>"; };
		BD7D17935D4275C52F6EAFED /* Pods-DashCashTests.release.xcconfig */ = {isa = PBXFileReference; includeInIndex = 1; lastKnownFileType = text.xcconfig; name = "Pods-DashCashTests.release.xcconfig"; path = "Pods/Target Support Files/Pods-DashCashTests/Pods-DashCashTests.release.xcconfig"; sourceTree = "<group>"; };
		DA0A00215D5DD71B747A8B3F /* Pods-DashCashTests.debug.xcconfig */ = {isa = PBXFileReference; includeInIndex = 1; lastKnownFileType = text.xcconfig; name = "Pods-DashCashTests.debug.xcconfig"; path = "Pods/Target Support Files/Pods-DashCashTests/Pods-DashCashTests.debug.xcconfig"; sourceTree = "<group>"; };
		F13342185106306DC5223901 /* Pods_DashCashUITests.framework */ = {isa = PBXFileReference; explicitFileType = wrapper.framework; includeInIndex = 0; path = Pods_DashCashUITests.framework; sourceTree = BUILT_PRODUCTS_DIR; };
/* End PBXFileReference section */

/* Begin PBXFrameworksBuildPhase section */
		5A4241BE220EA28F00387E83 /* Frameworks */ = {
			isa = PBXFrameworksBuildPhase;
			buildActionMask = 2147483647;
			files = (
				45F6E10930A7DE776915F79B /* Pods_DashCash.framework in Frameworks */,
			);
			runOnlyForDeploymentPostprocessing = 0;
		};
		5A4241D2220EA29200387E83 /* Frameworks */ = {
			isa = PBXFrameworksBuildPhase;
			buildActionMask = 2147483647;
			files = (
				EC01BEE714C2B78D753DF96B /* Pods_DashCashTests.framework in Frameworks */,
			);
			runOnlyForDeploymentPostprocessing = 0;
		};
		5A4241DD220EA29200387E83 /* Frameworks */ = {
			isa = PBXFrameworksBuildPhase;
			buildActionMask = 2147483647;
			files = (
				EC96F5315EF3EDC9B047F542 /* Pods_DashCashUITests.framework in Frameworks */,
			);
			runOnlyForDeploymentPostprocessing = 0;
		};
/* End PBXFrameworksBuildPhase section */

/* Begin PBXGroup section */
		59D4BF92915642123E3C5806 /* Pods */ = {
			isa = PBXGroup;
			children = (
				613CFB2736CAAE506EB4BDF3 /* Pods-DashCash.debug.xcconfig */,
				BA6DAD97920F9B46B066B901 /* Pods-DashCash.release.xcconfig */,
				DA0A00215D5DD71B747A8B3F /* Pods-DashCashTests.debug.xcconfig */,
				BD7D17935D4275C52F6EAFED /* Pods-DashCashTests.release.xcconfig */,
				3FE22B33D4E3A602101C5473 /* Pods-DashCashUITests.debug.xcconfig */,
				2F085079D91BCE499E3A4DFB /* Pods-DashCashUITests.release.xcconfig */,
			);
			name = Pods;
			sourceTree = "<group>";
		};
		5A4241B8220EA28F00387E83 = {
			isa = PBXGroup;
			children = (
				5A4241C3220EA28F00387E83 /* DashCash */,
				5A4241D8220EA29200387E83 /* DashCashTests */,
				5A4241E3220EA29200387E83 /* DashCashUITests */,
				5A4241C2220EA28F00387E83 /* Products */,
				59D4BF92915642123E3C5806 /* Pods */,
				E49672851894EB9DB1A0A3BA /* Frameworks */,
			);
			sourceTree = "<group>";
		};
		5A4241C2220EA28F00387E83 /* Products */ = {
			isa = PBXGroup;
			children = (
				5A4241C1220EA28F00387E83 /* DashCash.app */,
				5A4241D5220EA29200387E83 /* DashCashTests.xctest */,
				5A4241E0220EA29200387E83 /* DashCashUITests.xctest */,
			);
			name = Products;
			sourceTree = "<group>";
		};
		5A4241C3220EA28F00387E83 /* DashCash */ = {
			isa = PBXGroup;
			children = (
				5A4241C4220EA28F00387E83 /* AppDelegate.swift */,
				5A4241F8220EA70100387E83 /* LoginVC.swift */,
				5A4241FC220EC5B400387E83 /* HomeVC.swift */,
				5A4241FE220EDA6900387E83 /* GroupData.swift */,
				5A4241FA220EAF0900387E83 /* UserData.swift */,
				5A4241F4220EA66300387E83 /* Colors.swift */,
				5A4241C8220EA28F00387E83 /* Main.storyboard */,
				5A4241CB220EA29200387E83 /* Assets.xcassets */,
				5A4241CD220EA29200387E83 /* LaunchScreen.storyboard */,
				5A4241D0220EA29200387E83 /* Info.plist */,
			);
			path = DashCash;
			sourceTree = "<group>";
		};
		5A4241D8220EA29200387E83 /* DashCashTests */ = {
			isa = PBXGroup;
			children = (
				5A4241D9220EA29200387E83 /* DashCashTests.swift */,
				5A4241DB220EA29200387E83 /* Info.plist */,
			);
			path = DashCashTests;
			sourceTree = "<group>";
		};
		5A4241E3220EA29200387E83 /* DashCashUITests */ = {
			isa = PBXGroup;
			children = (
				5A4241E4220EA29200387E83 /* DashCashUITests.swift */,
				5A4241E6220EA29200387E83 /* Info.plist */,
			);
			path = DashCashUITests;
			sourceTree = "<group>";
		};
		E49672851894EB9DB1A0A3BA /* Frameworks */ = {
			isa = PBXGroup;
			children = (
				4A81036ECB8AE69F5F1730B6 /* Pods_DashCash.framework */,
				B054F5223DF0504C30BFFF9E /* Pods_DashCashTests.framework */,
				F13342185106306DC5223901 /* Pods_DashCashUITests.framework */,
			);
			name = Frameworks;
			sourceTree = "<group>";
		};
/* End PBXGroup section */

/* Begin PBXNativeTarget section */
		5A4241C0220EA28F00387E83 /* DashCash */ = {
			isa = PBXNativeTarget;
			buildConfigurationList = 5A4241E9220EA29200387E83 /* Build configuration list for PBXNativeTarget "DashCash" */;
			buildPhases = (
				73EDB6216FEE613E5AD76268 /* [CP] Check Pods Manifest.lock */,
				5A4241BD220EA28F00387E83 /* Sources */,
				5A4241BE220EA28F00387E83 /* Frameworks */,
				5A4241BF220EA28F00387E83 /* Resources */,
				15B70CF9A89A2E5165E9BE4D /* [CP] Embed Pods Frameworks */,
				50EA4AA58831D105C96854DC /* [CP] Copy Pods Resources */,
			);
			buildRules = (
			);
			dependencies = (
			);
			name = DashCash;
			productName = DashCash;
			productReference = 5A4241C1220EA28F00387E83 /* DashCash.app */;
			productType = "com.apple.product-type.application";
		};
		5A4241D4220EA29200387E83 /* DashCashTests */ = {
			isa = PBXNativeTarget;
			buildConfigurationList = 5A4241EC220EA29200387E83 /* Build configuration list for PBXNativeTarget "DashCashTests" */;
			buildPhases = (
				13FC7BBD4290EFFF7E544654 /* [CP] Check Pods Manifest.lock */,
				5A4241D1220EA29200387E83 /* Sources */,
				5A4241D2220EA29200387E83 /* Frameworks */,
				5A4241D3220EA29200387E83 /* Resources */,
			);
			buildRules = (
			);
			dependencies = (
				5A4241D7220EA29200387E83 /* PBXTargetDependency */,
			);
			name = DashCashTests;
			productName = DashCashTests;
			productReference = 5A4241D5220EA29200387E83 /* DashCashTests.xctest */;
			productType = "com.apple.product-type.bundle.unit-test";
		};
		5A4241DF220EA29200387E83 /* DashCashUITests */ = {
			isa = PBXNativeTarget;
			buildConfigurationList = 5A4241EF220EA29200387E83 /* Build configuration list for PBXNativeTarget "DashCashUITests" */;
			buildPhases = (
				F89C6C588284AF5DB7F8CA32 /* [CP] Check Pods Manifest.lock */,
				5A4241DC220EA29200387E83 /* Sources */,
				5A4241DD220EA29200387E83 /* Frameworks */,
				5A4241DE220EA29200387E83 /* Resources */,
			);
			buildRules = (
			);
			dependencies = (
				5A4241E2220EA29200387E83 /* PBXTargetDependency */,
			);
			name = DashCashUITests;
			productName = DashCashUITests;
			productReference = 5A4241E0220EA29200387E83 /* DashCashUITests.xctest */;
			productType = "com.apple.product-type.bundle.ui-testing";
		};
/* End PBXNativeTarget section */

/* Begin PBXProject section */
		5A4241B9220EA28F00387E83 /* Project object */ = {
			isa = PBXProject;
			attributes = {
				LastSwiftUpdateCheck = 1010;
				LastUpgradeCheck = 1010;
				ORGANIZATIONNAME = DashCash;
				TargetAttributes = {
					5A4241C0220EA28F00387E83 = {
						CreatedOnToolsVersion = 10.1;
					};
					5A4241D4220EA29200387E83 = {
						CreatedOnToolsVersion = 10.1;
						TestTargetID = 5A4241C0220EA28F00387E83;
					};
					5A4241DF220EA29200387E83 = {
						CreatedOnToolsVersion = 10.1;
						TestTargetID = 5A4241C0220EA28F00387E83;
					};
				};
			};
			buildConfigurationList = 5A4241BC220EA28F00387E83 /* Build configuration list for PBXProject "DashCash" */;
			compatibilityVersion = "Xcode 9.3";
			developmentRegion = en;
			hasScannedForEncodings = 0;
			knownRegions = (
				en,
				Base,
			);
			mainGroup = 5A4241B8220EA28F00387E83;
			productRefGroup = 5A4241C2220EA28F00387E83 /* Products */;
			projectDirPath = "";
			projectRoot = "";
			targets = (
				5A4241C0220EA28F00387E83 /* DashCash */,
				5A4241D4220EA29200387E83 /* DashCashTests */,
				5A4241DF220EA29200387E83 /* DashCashUITests */,
			);
		};
/* End PBXProject section */

/* Begin PBXResourcesBuildPhase section */
		5A4241BF220EA28F00387E83 /* Resources */ = {
			isa = PBXResourcesBuildPhase;
			buildActionMask = 2147483647;
			files = (
				5A4241CF220EA29200387E83 /* LaunchScreen.storyboard in Resources */,
				5A4241CC220EA29200387E83 /* Assets.xcassets in Resources */,
				5A4241CA220EA28F00387E83 /* Main.storyboard in Resources */,
			);
			runOnlyForDeploymentPostprocessing = 0;
		};
		5A4241D3220EA29200387E83 /* Resources */ = {
			isa = PBXResourcesBuildPhase;
			buildActionMask = 2147483647;
			files = (
			);
			runOnlyForDeploymentPostprocessing = 0;
		};
		5A4241DE220EA29200387E83 /* Resources */ = {
			isa = PBXResourcesBuildPhase;
			buildActionMask = 2147483647;
			files = (
			);
			runOnlyForDeploymentPostprocessing = 0;
		};
/* End PBXResourcesBuildPhase section */

/* Begin PBXShellScriptBuildPhase section */
		13FC7BBD4290EFFF7E544654 /* [CP] Check Pods Manifest.lock */ = {
			isa = PBXShellScriptBuildPhase;
			buildActionMask = 2147483647;
			files = (
			);
			inputFileListPaths = (
			);
			inputPaths = (
				"${PODS_PODFILE_DIR_PATH}/Podfile.lock",
				"${PODS_ROOT}/Manifest.lock",
			);
			name = "[CP] Check Pods Manifest.lock";
			outputFileListPaths = (
			);
			outputPaths = (
				"$(DERIVED_FILE_DIR)/Pods-DashCashTests-checkManifestLockResult.txt",
			);
			runOnlyForDeploymentPostprocessing = 0;
			shellPath = /bin/sh;
			shellScript = "diff \"${PODS_PODFILE_DIR_PATH}/Podfile.lock\" \"${PODS_ROOT}/Manifest.lock\" > /dev/null\nif [ $? != 0 ] ; then\n    # print error to STDERR\n    echo \"error: The sandbox is not in sync with the Podfile.lock. Run 'pod install' or update your CocoaPods installation.\" >&2\n    exit 1\nfi\n# This output is used by Xcode 'outputs' to avoid re-running this script phase.\necho \"SUCCESS\" > \"${SCRIPT_OUTPUT_FILE_0}\"\n";
			showEnvVarsInLog = 0;
		};
		15B70CF9A89A2E5165E9BE4D /* [CP] Embed Pods Frameworks */ = {
			isa = PBXShellScriptBuildPhase;
			buildActionMask = 2147483647;
			files = (
			);
			inputFileListPaths = (
			);
			inputPaths = (
				"${SRCROOT}/Pods/Target Support Files/Pods-DashCash/Pods-DashCash-frameworks.sh",
				"${BUILT_PRODUCTS_DIR}/GTMOAuth2/GTMOAuth2.framework",
				"${BUILT_PRODUCTS_DIR}/GTMSessionFetcher/GTMSessionFetcher.framework",
				"${BUILT_PRODUCTS_DIR}/GoogleToolboxForMac/GoogleToolboxForMac.framework",
			);
			name = "[CP] Embed Pods Frameworks";
			outputFileListPaths = (
			);
			outputPaths = (
				"${TARGET_BUILD_DIR}/${FRAMEWORKS_FOLDER_PATH}/GTMOAuth2.framework",
				"${TARGET_BUILD_DIR}/${FRAMEWORKS_FOLDER_PATH}/GTMSessionFetcher.framework",
				"${TARGET_BUILD_DIR}/${FRAMEWORKS_FOLDER_PATH}/GoogleToolboxForMac.framework",
			);
			runOnlyForDeploymentPostprocessing = 0;
			shellPath = /bin/sh;
			shellScript = "\"${SRCROOT}/Pods/Target Support Files/Pods-DashCash/Pods-DashCash-frameworks.sh\"\n";
			showEnvVarsInLog = 0;
		};
		50EA4AA58831D105C96854DC /* [CP] Copy Pods Resources */ = {
			isa = PBXShellScriptBuildPhase;
			buildActionMask = 2147483647;
			files = (
			);
			inputFileListPaths = (
			);
			inputPaths = (
				"${SRCROOT}/Pods/Target Support Files/Pods-DashCash/Pods-DashCash-resources.sh",
				"${PODS_ROOT}/GoogleSignIn/Resources/GoogleSignIn.bundle",
			);
			name = "[CP] Copy Pods Resources";
			outputFileListPaths = (
			);
			outputPaths = (
				"${TARGET_BUILD_DIR}/${UNLOCALIZED_RESOURCES_FOLDER_PATH}/GoogleSignIn.bundle",
			);
			runOnlyForDeploymentPostprocessing = 0;
			shellPath = /bin/sh;
			shellScript = "\"${SRCROOT}/Pods/Target Support Files/Pods-DashCash/Pods-DashCash-resources.sh\"\n";
			showEnvVarsInLog = 0;
		};
		73EDB6216FEE613E5AD76268 /* [CP] Check Pods Manifest.lock */ = {
			isa = PBXShellScriptBuildPhase;
			buildActionMask = 2147483647;
			files = (
			);
			inputFileListPaths = (
			);
			inputPaths = (
				"${PODS_PODFILE_DIR_PATH}/Podfile.lock",
				"${PODS_ROOT}/Manifest.lock",
			);
			name = "[CP] Check Pods Manifest.lock";
			outputFileListPaths = (
			);
			outputPaths = (
				"$(DERIVED_FILE_DIR)/Pods-DashCash-checkManifestLockResult.txt",
			);
			runOnlyForDeploymentPostprocessing = 0;
			shellPath = /bin/sh;
			shellScript = "diff \"${PODS_PODFILE_DIR_PATH}/Podfile.lock\" \"${PODS_ROOT}/Manifest.lock\" > /dev/null\nif [ $? != 0 ] ; then\n    # print error to STDERR\n    echo \"error: The sandbox is not in sync with the Podfile.lock. Run 'pod install' or update your CocoaPods installation.\" >&2\n    exit 1\nfi\n# This output is used by Xcode 'outputs' to avoid re-running this script phase.\necho \"SUCCESS\" > \"${SCRIPT_OUTPUT_FILE_0}\"\n";
			showEnvVarsInLog = 0;
		};
		F89C6C588284AF5DB7F8CA32 /* [CP] Check Pods Manifest.lock */ = {
			isa = PBXShellScriptBuildPhase;
			buildActionMask = 2147483647;
			files = (
			);
			inputFileListPaths = (
			);
			inputPaths = (
				"${PODS_PODFILE_DIR_PATH}/Podfile.lock",
				"${PODS_ROOT}/Manifest.lock",
			);
			name = "[CP] Check Pods Manifest.lock";
			outputFileListPaths = (
			);
			outputPaths = (
				"$(DERIVED_FILE_DIR)/Pods-DashCashUITests-checkManifestLockResult.txt",
			);
			runOnlyForDeploymentPostprocessing = 0;
			shellPath = /bin/sh;
			shellScript = "diff \"${PODS_PODFILE_DIR_PATH}/Podfile.lock\" \"${PODS_ROOT}/Manifest.lock\" > /dev/null\nif [ $? != 0 ] ; then\n    # print error to STDERR\n    echo \"error: The sandbox is not in sync with the Podfile.lock. Run 'pod install' or update your CocoaPods installation.\" >&2\n    exit 1\nfi\n# This output is used by Xcode 'outputs' to avoid re-running this script phase.\necho \"SUCCESS\" > \"${SCRIPT_OUTPUT_FILE_0}\"\n";
			showEnvVarsInLog = 0;
		};
/* End PBXShellScriptBuildPhase section */

/* Begin PBXSourcesBuildPhase section */
		5A4241BD220EA28F00387E83 /* Sources */ = {
			isa = PBXSourcesBuildPhase;
			buildActionMask = 2147483647;
			files = (
				5A4241F5220EA66300387E83 /* Colors.swift in Sources */,
				5A4241FF220EDA6900387E83 /* GroupData.swift in Sources */,
				5A4241FD220EC5B400387E83 /* HomeVC.swift in Sources */,
				5A4241C5220EA28F00387E83 /* AppDelegate.swift in Sources */,
				5A4241FB220EAF0900387E83 /* UserData.swift in Sources */,
				5A4241F9220EA70100387E83 /* LoginVC.swift in Sources */,
			);
			runOnlyForDeploymentPostprocessing = 0;
		};
		5A4241D1220EA29200387E83 /* Sources */ = {
			isa = PBXSourcesBuildPhase;
			buildActionMask = 2147483647;
			files = (
				5A4241DA220EA29200387E83 /* DashCashTests.swift in Sources */,
			);
			runOnlyForDeploymentPostprocessing = 0;
		};
		5A4241DC220EA29200387E83 /* Sources */ = {
			isa = PBXSourcesBuildPhase;
			buildActionMask = 2147483647;
			files = (
				5A4241E5220EA29200387E83 /* DashCashUITests.swift in Sources */,
			);
			runOnlyForDeploymentPostprocessing = 0;
		};
/* End PBXSourcesBuildPhase section */

/* Begin PBXTargetDependency section */
		5A4241D7220EA29200387E83 /* PBXTargetDependency */ = {
			isa = PBXTargetDependency;
			target = 5A4241C0220EA28F00387E83 /* DashCash */;
			targetProxy = 5A4241D6220EA29200387E83 /* PBXContainerItemProxy */;
		};
		5A4241E2220EA29200387E83 /* PBXTargetDependency */ = {
			isa = PBXTargetDependency;
			target = 5A4241C0220EA28F00387E83 /* DashCash */;
			targetProxy = 5A4241E1220EA29200387E83 /* PBXContainerItemProxy */;
		};
/* End PBXTargetDependency section */

/* Begin PBXVariantGroup section */
		5A4241C8220EA28F00387E83 /* Main.storyboard */ = {
			isa = PBXVariantGroup;
			children = (
				5A4241C9220EA28F00387E83 /* Base */,
			);
			name = Main.storyboard;
			sourceTree = "<group>";
		};
		5A4241CD220EA29200387E83 /* LaunchScreen.storyboard */ = {
			isa = PBXVariantGroup;
			children = (
				5A4241CE220EA29200387E83 /* Base */,
			);
			name = LaunchScreen.storyboard;
			sourceTree = "<group>";
		};
/* End PBXVariantGroup section */

/* Begin XCBuildConfiguration section */
		5A4241E7220EA29200387E83 /* Debug */ = {
			isa = XCBuildConfiguration;
			buildSettings = {
				ALWAYS_SEARCH_USER_PATHS = NO;
				CLANG_ANALYZER_NONNULL = YES;
				CLANG_ANALYZER_NUMBER_OBJECT_CONVERSION = YES_AGGRESSIVE;
				CLANG_CXX_LANGUAGE_STANDARD = "gnu++14";
				CLANG_CXX_LIBRARY = "libc++";
				CLANG_ENABLE_MODULES = YES;
				CLANG_ENABLE_OBJC_ARC = YES;
				CLANG_ENABLE_OBJC_WEAK = YES;
				CLANG_WARN_BLOCK_CAPTURE_AUTORELEASING = YES;
				CLANG_WARN_BOOL_CONVERSION = YES;
				CLANG_WARN_COMMA = YES;
				CLANG_WARN_CONSTANT_CONVERSION = YES;
				CLANG_WARN_DEPRECATED_OBJC_IMPLEMENTATIONS = YES;
				CLANG_WARN_DIRECT_OBJC_ISA_USAGE = YES_ERROR;
				CLANG_WARN_DOCUMENTATION_COMMENTS = YES;
				CLANG_WARN_EMPTY_BODY = YES;
				CLANG_WARN_ENUM_CONVERSION = YES;
				CLANG_WARN_INFINITE_RECURSION = YES;
				CLANG_WARN_INT_CONVERSION = YES;
				CLANG_WARN_NON_LITERAL_NULL_CONVERSION = YES;
				CLANG_WARN_OBJC_IMPLICIT_RETAIN_SELF = YES;
				CLANG_WARN_OBJC_LITERAL_CONVERSION = YES;
				CLANG_WARN_OBJC_ROOT_CLASS = YES_ERROR;
				CLANG_WARN_RANGE_LOOP_ANALYSIS = YES;
				CLANG_WARN_STRICT_PROTOTYPES = YES;
				CLANG_WARN_SUSPICIOUS_MOVE = YES;
				CLANG_WARN_UNGUARDED_AVAILABILITY = YES_AGGRESSIVE;
				CLANG_WARN_UNREACHABLE_CODE = YES;
				CLANG_WARN__DUPLICATE_METHOD_MATCH = YES;
				CODE_SIGN_IDENTITY = "iPhone Developer";
				COPY_PHASE_STRIP = NO;
				DEBUG_INFORMATION_FORMAT = dwarf;
				ENABLE_STRICT_OBJC_MSGSEND = YES;
				ENABLE_TESTABILITY = YES;
				GCC_C_LANGUAGE_STANDARD = gnu11;
				GCC_DYNAMIC_NO_PIC = NO;
				GCC_NO_COMMON_BLOCKS = YES;
				GCC_OPTIMIZATION_LEVEL = 0;
				GCC_PREPROCESSOR_DEFINITIONS = (
					"DEBUG=1",
					"$(inherited)",
				);
				GCC_WARN_64_TO_32_BIT_CONVERSION = YES;
				GCC_WARN_ABOUT_RETURN_TYPE = YES_ERROR;
				GCC_WARN_UNDECLARED_SELECTOR = YES;
				GCC_WARN_UNINITIALIZED_AUTOS = YES_AGGRESSIVE;
				GCC_WARN_UNUSED_FUNCTION = YES;
				GCC_WARN_UNUSED_VARIABLE = YES;
				IPHONEOS_DEPLOYMENT_TARGET = 12.1;
				MTL_ENABLE_DEBUG_INFO = INCLUDE_SOURCE;
				MTL_FAST_MATH = YES;
				ONLY_ACTIVE_ARCH = YES;
				SDKROOT = iphoneos;
				SWIFT_ACTIVE_COMPILATION_CONDITIONS = DEBUG;
				SWIFT_OPTIMIZATION_LEVEL = "-Onone";
			};
			name = Debug;
		};
		5A4241E8220EA29200387E83 /* Release */ = {
			isa = XCBuildConfiguration;
			buildSettings = {
				ALWAYS_SEARCH_USER_PATHS = NO;
				CLANG_ANALYZER_NONNULL = YES;
				CLANG_ANALYZER_NUMBER_OBJECT_CONVERSION = YES_AGGRESSIVE;
				CLANG_CXX_LANGUAGE_STANDARD = "gnu++14";
				CLANG_CXX_LIBRARY = "libc++";
				CLANG_ENABLE_MODULES = YES;
				CLANG_ENABLE_OBJC_ARC = YES;
				CLANG_ENABLE_OBJC_WEAK = YES;
				CLANG_WARN_BLOCK_CAPTURE_AUTORELEASING = YES;
				CLANG_WARN_BOOL_CONVERSION = YES;
				CLANG_WARN_COMMA = YES;
				CLANG_WARN_CONSTANT_CONVERSION = YES;
				CLANG_WARN_DEPRECATED_OBJC_IMPLEMENTATIONS = YES;
				CLANG_WARN_DIRECT_OBJC_ISA_USAGE = YES_ERROR;
				CLANG_WARN_DOCUMENTATION_COMMENTS = YES;
				CLANG_WARN_EMPTY_BODY = YES;
				CLANG_WARN_ENUM_CONVERSION = YES;
				CLANG_WARN_INFINITE_RECURSION = YES;
				CLANG_WARN_INT_CONVERSION = YES;
				CLANG_WARN_NON_LITERAL_NULL_CONVERSION = YES;
				CLANG_WARN_OBJC_IMPLICIT_RETAIN_SELF = YES;
				CLANG_WARN_OBJC_LITERAL_CONVERSION = YES;
				CLANG_WARN_OBJC_ROOT_CLASS = YES_ERROR;
				CLANG_WARN_RANGE_LOOP_ANALYSIS = YES;
				CLANG_WARN_STRICT_PROTOTYPES = YES;
				CLANG_WARN_SUSPICIOUS_MOVE = YES;
				CLANG_WARN_UNGUARDED_AVAILABILITY = YES_AGGRESSIVE;
				CLANG_WARN_UNREACHABLE_CODE = YES;
				CLANG_WARN__DUPLICATE_METHOD_MATCH = YES;
				CODE_SIGN_IDENTITY = "iPhone Developer";
				COPY_PHASE_STRIP = NO;
				DEBUG_INFORMATION_FORMAT = "dwarf-with-dsym";
				ENABLE_NS_ASSERTIONS = NO;
				ENABLE_STRICT_OBJC_MSGSEND = YES;
				GCC_C_LANGUAGE_STANDARD = gnu11;
				GCC_NO_COMMON_BLOCKS = YES;
				GCC_WARN_64_TO_32_BIT_CONVERSION = YES;
				GCC_WARN_ABOUT_RETURN_TYPE = YES_ERROR;
				GCC_WARN_UNDECLARED_SELECTOR = YES;
				GCC_WARN_UNINITIALIZED_AUTOS = YES_AGGRESSIVE;
				GCC_WARN_UNUSED_FUNCTION = YES;
				GCC_WARN_UNUSED_VARIABLE = YES;
				IPHONEOS_DEPLOYMENT_TARGET = 12.1;
				MTL_ENABLE_DEBUG_INFO = NO;
				MTL_FAST_MATH = YES;
				SDKROOT = iphoneos;
				SWIFT_COMPILATION_MODE = wholemodule;
				SWIFT_OPTIMIZATION_LEVEL = "-O";
				VALIDATE_PRODUCT = YES;
			};
			name = Release;
		};
		5A4241EA220EA29200387E83 /* Debug */ = {
			isa = XCBuildConfiguration;
			baseConfigurationReference = 613CFB2736CAAE506EB4BDF3 /* Pods-DashCash.debug.xcconfig */;
			buildSettings = {
				ASSETCATALOG_COMPILER_APPICON_NAME = AppIcon;
				CODE_SIGN_STYLE = Automatic;
				DEVELOPMENT_TEAM = TY9FL99MB7;
				INFOPLIST_FILE = DashCash/Info.plist;
				LD_RUNPATH_SEARCH_PATHS = (
					"$(inherited)",
					"@executable_path/Frameworks",
				);
				PRODUCT_BUNDLE_IDENTIFIER = self.edu.DashCash.DashCash;
				PRODUCT_NAME = "$(TARGET_NAME)";
				SWIFT_VERSION = 4.2;
				TARGETED_DEVICE_FAMILY = "1,2";
			};
			name = Debug;
		};
		5A4241EB220EA29200387E83 /* Release */ = {
			isa = XCBuildConfiguration;
			baseConfigurationReference = BA6DAD97920F9B46B066B901 /* Pods-DashCash.release.xcconfig */;
			buildSettings = {
				ASSETCATALOG_COMPILER_APPICON_NAME = AppIcon;
				CODE_SIGN_STYLE = Automatic;
				DEVELOPMENT_TEAM = TY9FL99MB7;
				INFOPLIST_FILE = DashCash/Info.plist;
				LD_RUNPATH_SEARCH_PATHS = (
					"$(inherited)",
					"@executable_path/Frameworks",
				);
				PRODUCT_BUNDLE_IDENTIFIER = self.edu.DashCash.DashCash;
				PRODUCT_NAME = "$(TARGET_NAME)";
				SWIFT_VERSION = 4.2;
				TARGETED_DEVICE_FAMILY = "1,2";
			};
			name = Release;
		};
		5A4241ED220EA29200387E83 /* Debug */ = {
			isa = XCBuildConfiguration;
			baseConfigurationReference = DA0A00215D5DD71B747A8B3F /* Pods-DashCashTests.debug.xcconfig */;
			buildSettings = {
				ALWAYS_EMBED_SWIFT_STANDARD_LIBRARIES = YES;
				BUNDLE_LOADER = "$(TEST_HOST)";
				CODE_SIGN_STYLE = Automatic;
				DEVELOPMENT_TEAM = TY9FL99MB7;
				INFOPLIST_FILE = DashCashTests/Info.plist;
				LD_RUNPATH_SEARCH_PATHS = (
					"$(inherited)",
					"@executable_path/Frameworks",
					"@loader_path/Frameworks",
				);
				PRODUCT_BUNDLE_IDENTIFIER = self.edu.DashCash.DashCashTests;
				PRODUCT_NAME = "$(TARGET_NAME)";
				SWIFT_VERSION = 4.2;
				TARGETED_DEVICE_FAMILY = "1,2";
				TEST_HOST = "$(BUILT_PRODUCTS_DIR)/DashCash.app/DashCash";
			};
			name = Debug;
		};
		5A4241EE220EA29200387E83 /* Release */ = {
			isa = XCBuildConfiguration;
			baseConfigurationReference = BD7D17935D4275C52F6EAFED /* Pods-DashCashTests.release.xcconfig */;
			buildSettings = {
				ALWAYS_EMBED_SWIFT_STANDARD_LIBRARIES = YES;
				BUNDLE_LOADER = "$(TEST_HOST)";
				CODE_SIGN_STYLE = Automatic;
				DEVELOPMENT_TEAM = TY9FL99MB7;
				INFOPLIST_FILE = DashCashTests/Info.plist;
				LD_RUNPATH_SEARCH_PATHS = (
					"$(inherited)",
					"@executable_path/Frameworks",
					"@loader_path/Frameworks",
				);
				PRODUCT_BUNDLE_IDENTIFIER = self.edu.DashCash.DashCashTests;
				PRODUCT_NAME = "$(TARGET_NAME)";
				SWIFT_VERSION = 4.2;
				TARGETED_DEVICE_FAMILY = "1,2";
				TEST_HOST = "$(BUILT_PRODUCTS_DIR)/DashCash.app/DashCash";
			};
			name = Release;
		};
		5A4241F0220EA29200387E83 /* Debug */ = {
			isa = XCBuildConfiguration;
			baseConfigurationReference = 3FE22B33D4E3A602101C5473 /* Pods-DashCashUITests.debug.xcconfig */;
			buildSettings = {
				ALWAYS_EMBED_SWIFT_STANDARD_LIBRARIES = YES;
				CODE_SIGN_STYLE = Automatic;
				DEVELOPMENT_TEAM = TY9FL99MB7;
				INFOPLIST_FILE = DashCashUITests/Info.plist;
				LD_RUNPATH_SEARCH_PATHS = (
					"$(inherited)",
					"@executable_path/Frameworks",
					"@loader_path/Frameworks",
				);
				PRODUCT_BUNDLE_IDENTIFIER = self.edu.DashCash.DashCashUITests;
				PRODUCT_NAME = "$(TARGET_NAME)";
				SWIFT_VERSION = 4.2;
				TARGETED_DEVICE_FAMILY = "1,2";
				TEST_TARGET_NAME = DashCash;
			};
			name = Debug;
		};
		5A4241F1220EA29200387E83 /* Release */ = {
			isa = XCBuildConfiguration;
			baseConfigurationReference = 2F085079D91BCE499E3A4DFB /* Pods-DashCashUITests.release.xcconfig */;
			buildSettings = {
				ALWAYS_EMBED_SWIFT_STANDARD_LIBRARIES = YES;
				CODE_SIGN_STYLE = Automatic;
				DEVELOPMENT_TEAM = TY9FL99MB7;
				INFOPLIST_FILE = DashCashUITests/Info.plist;
				LD_RUNPATH_SEARCH_PATHS = (
					"$(inherited)",
					"@executable_path/Frameworks",
					"@loader_path/Frameworks",
				);
				PRODUCT_BUNDLE_IDENTIFIER = self.edu.DashCash.DashCashUITests;
				PRODUCT_NAME = "$(TARGET_NAME)";
				SWIFT_VERSION = 4.2;
				TARGETED_DEVICE_FAMILY = "1,2";
				TEST_TARGET_NAME = DashCash;
			};
			name = Release;
		};
/* End XCBuildConfiguration section */

/* Begin XCConfigurationList section */
		5A4241BC220EA28F00387E83 /* Build configuration list for PBXProject "DashCash" */ = {
			isa = XCConfigurationList;
			buildConfigurations = (
				5A4241E7220EA29200387E83 /* Debug */,
				5A4241E8220EA29200387E83 /* Release */,
			);
			defaultConfigurationIsVisible = 0;
			defaultConfigurationName = Release;
		};
		5A4241E9220EA29200387E83 /* Build configuration list for PBXNativeTarget "DashCash" */ = {
			isa = XCConfigurationList;
			buildConfigurations = (
				5A4241EA220EA29200387E83 /* Debug */,
				5A4241EB220EA29200387E83 /* Release */,
			);
			defaultConfigurationIsVisible = 0;
			defaultConfigurationName = Release;
		};
		5A4241EC220EA29200387E83 /* Build configuration list for PBXNativeTarget "DashCashTests" */ = {
			isa = XCConfigurationList;
			buildConfigurations = (
				5A4241ED220EA29200387E83 /* Debug */,
				5A4241EE220EA29200387E83 /* Release */,
			);
			defaultConfigurationIsVisible = 0;
			defaultConfigurationName = Release;
		};
		5A4241EF220EA29200387E83 /* Build configuration list for PBXNativeTarget "DashCashUITests" */ = {
			isa = XCConfigurationList;
			buildConfigurations = (
				5A4241F0220EA29200387E83 /* Debug */,
				5A4241F1220EA29200387E83 /* Release */,
			);
			defaultConfigurationIsVisible = 0;
			defaultConfigurationName = Release;
		};
/* End XCConfigurationList section */
	};
	rootObject = 5A4241B9220EA28F00387E83 /* Project object */;
}
